<?xml version="1.0" encoding="UTF-8" standalone="yes" ?>
<CodeBlocks_project_file>
	<FileVersion major="1" minor="6" />
	<Project>
		<Option title="dummy" />
		<Option pch_mode="2" />
		<Option compiler="gcc" />
		<Build>
			<Target title="Release">
				<Option output="bin/dummy" prefix_auto="1" extension_auto="1" />
				<Option object_output="obj/" />
				<Option type="0" />
				<Option compiler="gcc" />
				<Compiler>
					<Add option="-O2" />
				</Compiler>
				<Linker>
					<Add option="-s" />
				</Linker>
			</Target>
		</Build>
		<Compiler>
			<Add option="-Wall" />
			<Add directory="C:/Qt/Qt5.5.0/5.5/mingw492_32/include" />
			<Add directory="C:/Qt/Qt5.5.0/5.5/mingw492_32/include/ActiveQt" />
			<Add directory="C:/Qt/Qt5.5.0/5.5/mingw492_32/include/QtCLucene" />
			<Add directory="C:/Qt/Qt5.5.0/5.5/mingw492_32/include/QtConcurrent" />
			<Add directory="C:/Qt/Qt5.5.0/5.5/mingw492_32/include/QtCore" />
			<Add directory="C:/Qt/Qt5.5.0/5.5/mingw492_32/include/QtDeclarative" />
			<Add directory="C:/Qt/Qt5.5.0/5.5/mingw492_32/include/QtDesigner" />
			<Add directory="C:/Qt/Qt5.5.0/5.5/mingw492_32/include/QtDesignerComponents" />
			<Add directory="C:/Qt/Qt5.5.0/5.5/mingw492_32/include/QtGui" />
			<Add directory="C:/Qt/Qt5.5.0/5.5/mingw492_32/include/QtHelp" />
			<Add directory="C:/Qt/Qt5.5.0/5.5/mingw492_32/include/QtMultimedia" />
			<Add directory="C:/Qt/Qt5.5.0/5.5/mingw492_32/include/QtMultimediaQuick_p" />
			<Add directory="C:/Qt/Qt5.5.0/5.5/mingw492_32/include/QtMultimediaWidgets" />
			<Add directory="C:/Qt/Qt5.5.0/5.5/mingw492_32/include/QtNetwork" />
			<Add directory="C:/Qt/Qt5.5.0/5.5/mingw492_32/include/QtOpenGL" />
			<Add directory="C:/Qt/Qt5.5.0/5.5/mingw492_32/include/QtOpenGLExtensions" />
			<Add directory="C:/Qt/Qt5.5.0/5.5/mingw492_32/include/QtPlatformSupport" />
			<Add directory="C:/Qt/Qt5.5.0/5.5/mingw492_32/include/QtPrintSupport" />
			<Add directory="C:/Qt/Qt5.5.0/5.5/mingw492_32/include/QtQml" />
			<Add directory="C:/Qt/Qt5.5.0/5.5/mingw492_32/include/QtQuick" />
			<Add directory="C:/Qt/Qt5.5.0/5.5/mingw492_32/include/QtQuickParticles" />
			<Add directory="C:/Qt/Qt5.5.0/5.5/mingw492_32/include/QtQuickTest" />
			<Add directory="C:/Qt/Qt5.5.0/5.5/mingw492_32/include/QtScript" />
			<Add directory="C:/Qt/Qt5.5.0/5.5/mingw492_32/include/QtScriptTools" />
			<Add directory="C:/Qt/Qt5.5.0/5.5/mingw492_32/include/QtSensors" />
			<Add directory="C:/Qt/Qt5.5.0/5.5/mingw492_32/include/QtSerialPort" />
			<Add directory="C:/Qt/Qt5.5.0/5.5/mingw492_32/include/QtSql" />
			<Add directory="C:/Qt/Qt5.5.0/5.5/mingw492_32/include/QtSvg" />
			<Add directory="C:/Qt/Qt5.5.0/5.5/mingw492_32/include/QtTest" />
			<Add directory="C:/Qt/Qt5.5.0/5.5/mingw492_32/include/QtUiTools" />
			<Add directory="C:/Qt/Qt5.5.0/5.5/mingw492_32/include/QtV8" />
			<Add directory="C:/Qt/Qt5.5.0/5.5/mingw492_32/include/QtWebKit" />
			<Add directory="C:/Qt/Qt5.5.0/5.5/mingw492_32/include/QtWebKitWidgets" />
			<Add directory="C:/Qt/Qt5.5.0/5.5/mingw492_32/include/QtWidgets" />
			<Add directory="C:/Qt/Qt5.5.0/5.5/mingw492_32/include/QtXml" />
			<Add directory="C:/Qt/Qt5.5.0/5.5/mingw492_32/include/QtXmlPatterns" />
			<Add directory="C:/Qt/Qt5.5.0/5.5/mingw492_32/include/QtZlib" />
		</Compiler>
		<Linker>
			<Add library="libQt5Core" />
			<Add library="libQt5Gui" />
			<Add library="libQt5Widgets" />
			<Add directory="C:/Qt/Qt5.5.0/5.5/mingw492_32/lib" />
		</Linker>
		<Unit filename="main.cpp" />
		<Extensions>
			<code_completion />
			<envvars />
			<debugger />
			<lib_finder disable_auto="1" />
		</Extensions>
	</Project>
</CodeBlocks_project_file>
